
Microsoft Visual Studio Solution File, Format Version 12.00
# Visual Studio Version 17
VisualStudioVersion = 17.14.36109.1
MinimumVisualStudioVersion = 10.0.40219.1
Project("{FAE04EC0-301F-11D3-BF4B-00C04F79EFBC}") = "GitHubDeployMonitor", "GitHubDeployMonitor\GitHubDeployMonitor.csproj", "{02A76468-AEC0-417F-A54A-256C883BBAEA}"
EndProject
Project("{54435603-DBB4-11D2-8724-00A0C9A8B90C}") = "x64 Github Pages Deploy Monitor", "x64 Github Pages Deploy Monitor\x64 Github Pages Deploy Monitor.vdproj", "{51977EC0-6491-4248-D900-1ADA4F20F68D}"
EndProject
Global
	GlobalSection(SolutionConfigurationPlatforms) = preSolution
		Debug|Any CPU = Debug|Any CPU
		Debug|ARM64 = Debug|ARM64
		Release|Any CPU = Release|Any CPU
		Release|ARM64 = Release|ARM64
	EndGlobalSection
	GlobalSection(ProjectConfigurationPlatforms) = postSolution
		{02A76468-AEC0-417F-A54A-256C883BBAEA}.Debug|Any CPU.ActiveCfg = Debug|Any CPU
		{02A76468-AEC0-417F-A54A-256C883BBAEA}.Debug|Any CPU.Build.0 = Debug|Any CPU
		{02A76468-AEC0-417F-A54A-256C883BBAEA}.Debug|ARM64.ActiveCfg = Debug|ARM64
		{02A76468-AEC0-417F-A54A-256C883BBAEA}.Debug|ARM64.Build.0 = Debug|ARM64
		{02A76468-AEC0-417F-A54A-256C883BBAEA}.Release|Any CPU.ActiveCfg = Debug|ARM64
		{02A76468-AEC0-417F-A54A-256C883BBAEA}.Release|Any CPU.Build.0 = Debug|ARM64
		{02A76468-AEC0-417F-A54A-256C883BBAEA}.Release|ARM64.ActiveCfg = Release|Any CPU
		{02A76468-AEC0-417F-A54A-256C883BBAEA}.Release|ARM64.Build.0 = Release|Any CPU
		{51977EC0-6491-4248-D900-1ADA4F20F68D}.Debug|Any CPU.ActiveCfg = Debug
		{51977EC0-6491-4248-D900-1ADA4F20F68D}.Debug|ARM64.ActiveCfg = Debug
		{51977EC0-6491-4248-D900-1ADA4F20F68D}.Release|Any CPU.ActiveCfg = Release
		{51977EC0-6491-4248-D900-1ADA4F20F68D}.Release|ARM64.ActiveCfg = Release
		{51977EC0-6491-4248-D900-1ADA4F20F68D}.Release|ARM64.Build.0 = Release
	EndGlobalSection
	GlobalSection(SolutionProperties) = preSolution
		HideSolutionNode = FALSE
	EndGlobalSection
	GlobalSection(ExtensibilityGlobals) = postSolution
		SolutionGuid = {B878DCAF-97EA-4C6F-BB38-1B6DA2C518D9}
	EndGlobalSection
EndGlobal
